
Microsoft Visual Studio Solution File, Format Version 12.00
# Visual Studio 15
VisualStudioVersion = 15.0.28307.705
MinimumVisualStudioVersion = 10.0.40219.1
Project("{8BC9CEB8-8B4A-11D0-8D11-00A0C91BC942}") = "1697 숨바꼭질", "BFS\BFS.vcxproj", "{40400F0D-8BC6-421E-BC2F-6650CE7DC7EB}"
EndProject
Project("{8BC9CEB8-8B4A-11D0-8D11-00A0C91BC942}") = "13913 숨바꼭질4", "13913 숨바꼭질4\13913 숨바꼭질4.vcxproj", "{E04C7562-6E64-497E-B9B0-F28E22D505D5}"
EndProject
Project("{8BC9CEB8-8B4A-11D0-8D11-00A0C91BC942}") = "14226 이모티콘", "14226 이모티콘\14226 이모티콘.vcxproj", "{E7F71545-48F5-4299-822D-8FE4932D0D8C}"
EndProject
Project("{8BC9CEB8-8B4A-11D0-8D11-00A0C91BC942}") = "16948 데스나이트", "16948 데스나이트\16948 데스나이트.vcxproj", "{E1C7EAF4-DA28-492D-B68F-7700800E36C1}"
EndProject
Project("{8BC9CEB8-8B4A-11D0-8D11-00A0C91BC942}") = "BFS 연습 - 16948 데스나이트", "BFS 연습 - 16948 데스나이트\BFS 연습 - 16948 데스나이트.vcxproj", "{A7B542BB-AA53-459C-802B-259581EED7B8}"
EndProject
Project("{8BC9CEB8-8B4A-11D0-8D11-00A0C91BC942}") = "BFS 연습 - 1697 숨바꼭질", "BFS 연습 - 1697 숨바꼭질\BFS 연습 - 1697 숨바꼭질.vcxproj", "{7E8A2D0D-E380-4A8A-A823-089D81475365}"
EndProject
Project("{8BC9CEB8-8B4A-11D0-8D11-00A0C91BC942}") = "BFS 연습 - 16928 뱀과 사다리 게임", "BFS 연습 - 16928 뱀과 사다리 게임\BFS 연습 - 16928 뱀과 사다리 게임.vcxproj", "{9C47EFF2-5B78-4D9B-BD43-048BF7CB2B41}"
EndProject
Global
	GlobalSection(SolutionConfigurationPlatforms) = preSolution
		Debug|x64 = Debug|x64
		Debug|x86 = Debug|x86
		Release|x64 = Release|x64
		Release|x86 = Release|x86
	EndGlobalSection
	GlobalSection(ProjectConfigurationPlatforms) = postSolution
		{40400F0D-8BC6-421E-BC2F-6650CE7DC7EB}.Debug|x64.ActiveCfg = Debug|x64
		{40400F0D-8BC6-421E-BC2F-6650CE7DC7EB}.Debug|x64.Build.0 = Debug|x64
		{40400F0D-8BC6-421E-BC2F-6650CE7DC7EB}.Debug|x86.ActiveCfg = Debug|Win32
		{40400F0D-8BC6-421E-BC2F-6650CE7DC7EB}.Debug|x86.Build.0 = Debug|Win32
		{40400F0D-8BC6-421E-BC2F-6650CE7DC7EB}.Release|x64.ActiveCfg = Release|x64
		{40400F0D-8BC6-421E-BC2F-6650CE7DC7EB}.Release|x64.Build.0 = Release|x64
		{40400F0D-8BC6-421E-BC2F-6650CE7DC7EB}.Release|x86.ActiveCfg = Release|Win32
		{40400F0D-8BC6-421E-BC2F-6650CE7DC7EB}.Release|x86.Build.0 = Release|Win32
		{E04C7562-6E64-497E-B9B0-F28E22D505D5}.Debug|x64.ActiveCfg = Debug|x64
		{E04C7562-6E64-497E-B9B0-F28E22D505D5}.Debug|x64.Build.0 = Debug|x64
		{E04C7562-6E64-497E-B9B0-F28E22D505D5}.Debug|x86.ActiveCfg = Debug|Win32
		{E04C7562-6E64-497E-B9B0-F28E22D505D5}.Debug|x86.Build.0 = Debug|Win32
		{E04C7562-6E64-497E-B9B0-F28E22D505D5}.Release|x64.ActiveCfg = Release|x64
		{E04C7562-6E64-497E-B9B0-F28E22D505D5}.Release|x64.Build.0 = Release|x64
		{E04C7562-6E64-497E-B9B0-F28E22D505D5}.Release|x86.ActiveCfg = Release|Win32
		{E04C7562-6E64-497E-B9B0-F28E22D505D5}.Release|x86.Build.0 = Release|Win32
		{E7F71545-48F5-4299-822D-8FE4932D0D8C}.Debug|x64.ActiveCfg = Debug|x64
		{E7F71545-48F5-4299-822D-8FE4932D0D8C}.Debug|x64.Build.0 = Debug|x64
		{E7F71545-48F5-4299-822D-8FE4932D0D8C}.Debug|x86.ActiveCfg = Debug|Win32
		{E7F71545-48F5-4299-822D-8FE4932D0D8C}.Debug|x86.Build.0 = Debug|Win32
		{E7F71545-48F5-4299-822D-8FE4932D0D8C}.Release|x64.ActiveCfg = Release|x64
		{E7F71545-48F5-4299-822D-8FE4932D0D8C}.Release|x64.Build.0 = Release|x64
		{E7F71545-48F5-4299-822D-8FE4932D0D8C}.Release|x86.ActiveCfg = Release|Win32
		{E7F71545-48F5-4299-822D-8FE4932D0D8C}.Release|x86.Build.0 = Release|Win32
		{E1C7EAF4-DA28-492D-B68F-7700800E36C1}.Debug|x64.ActiveCfg = Debug|x64
		{E1C7EAF4-DA28-492D-B68F-7700800E36C1}.Debug|x64.Build.0 = Debug|x64
		{E1C7EAF4-DA28-492D-B68F-7700800E36C1}.Debug|x86.ActiveCfg = Debug|Win32
		{E1C7EAF4-DA28-492D-B68F-7700800E36C1}.Debug|x86.Build.0 = Debug|Win32
		{E1C7EAF4-DA28-492D-B68F-7700800E36C1}.Release|x64.ActiveCfg = Release|x64
		{E1C7EAF4-DA28-492D-B68F-7700800E36C1}.Release|x64.Build.0 = Release|x64
		{E1C7EAF4-DA28-492D-B68F-7700800E36C1}.Release|x86.ActiveCfg = Release|Win32
		{E1C7EAF4-DA28-492D-B68F-7700800E36C1}.Release|x86.Build.0 = Release|Win32
		{A7B542BB-AA53-459C-802B-259581EED7B8}.Debug|x64.ActiveCfg = Debug|x64
		{A7B542BB-AA53-459C-802B-259581EED7B8}.Debug|x64.Build.0 = Debug|x64
		{A7B542BB-AA53-459C-802B-259581EED7B8}.Debug|x86.ActiveCfg = Debug|Win32
		{A7B542BB-AA53-459C-802B-259581EED7B8}.Debug|x86.Build.0 = Debug|Win32
		{A7B542BB-AA53-459C-802B-259581EED7B8}.Release|x64.ActiveCfg = Release|x64
		{A7B542BB-AA53-459C-802B-259581EED7B8}.Release|x64.Build.0 = Release|x64
		{A7B542BB-AA53-459C-802B-259581EED7B8}.Release|x86.ActiveCfg = Release|Win32
		{A7B542BB-AA53-459C-802B-259581EED7B8}.Release|x86.Build.0 = Release|Win32
		{7E8A2D0D-E380-4A8A-A823-089D81475365}.Debug|x64.ActiveCfg = Debug|x64
		{7E8A2D0D-E380-4A8A-A823-089D81475365}.Debug|x64.Build.0 = Debug|x64
		{7E8A2D0D-E380-4A8A-A823-089D81475365}.Debug|x86.ActiveCfg = Debug|Win32
		{7E8A2D0D-E380-4A8A-A823-089D81475365}.Debug|x86.Build.0 = Debug|Win32
		{7E8A2D0D-E380-4A8A-A823-089D81475365}.Release|x64.ActiveCfg = Release|x64
		{7E8A2D0D-E380-4A8A-A823-089D81475365}.Release|x64.Build.0 = Release|x64
		{7E8A2D0D-E380-4A8A-A823-089D81475365}.Release|x86.ActiveCfg = Release|Win32
		{7E8A2D0D-E380-4A8A-A823-089D81475365}.Release|x86.Build.0 = Release|Win32
		{9C47EFF2-5B78-4D9B-BD43-048BF7CB2B41}.Debug|x64.ActiveCfg = Debug|x64
		{9C47EFF2-5B78-4D9B-BD43-048BF7CB2B41}.Debug|x64.Build.0 = Debug|x64
		{9C47EFF2-5B78-4D9B-BD43-048BF7CB2B41}.Debug|x86.ActiveCfg = Debug|Win32
		{9C47EFF2-5B78-4D9B-BD43-048BF7CB2B41}.Debug|x86.Build.0 = Debug|Win32
		{9C47EFF2-5B78-4D9B-BD43-048BF7CB2B41}.Release|x64.ActiveCfg = Release|x64
		{9C47EFF2-5B78-4D9B-BD43-048BF7CB2B41}.Release|x64.Build.0 = Release|x64
		{9C47EFF2-5B78-4D9B-BD43-048BF7CB2B41}.Release|x86.ActiveCfg = Release|Win32
		{9C47EFF2-5B78-4D9B-BD43-048BF7CB2B41}.Release|x86.Build.0 = Release|Win32
	EndGlobalSection
	GlobalSection(SolutionProperties) = preSolution
		HideSolutionNode = FALSE
	EndGlobalSection
	GlobalSection(ExtensibilityGlobals) = postSolution
		SolutionGuid = {778454EA-2AA8-44D3-B1EF-93153E57A6A2}
	EndGlobalSection
EndGlobal
