
Microsoft Visual Studio Solution File, Format Version 12.00
# Visual Studio 15
VisualStudioVersion = 15.0.28307.705
MinimumVisualStudioVersion = 10.0.40219.1
Project("{8BC9CEB8-8B4A-11D0-8D11-00A0C91BC942}") = "모의시험", "NHN 2020 공채 Online Pre-test\NHN 2020 공채 Online Pre-test.vcxproj", "{81D29BD4-4B1C-4480-85C7-87EB2CE6B12A}"
EndProject
Project("{8BC9CEB8-8B4A-11D0-8D11-00A0C91BC942}") = "Q1", "Q1\Q1.vcxproj", "{8E88BF66-1E2A-4A9D-905B-DCEE21E7656A}"
EndProject
Project("{8BC9CEB8-8B4A-11D0-8D11-00A0C91BC942}") = "Q2", "Q2\Q2.vcxproj", "{367711EA-9F8E-4FC4-8029-CD081AACE51A}"
EndProject
Project("{8BC9CEB8-8B4A-11D0-8D11-00A0C91BC942}") = "Q3", "Q3\Q3.vcxproj", "{E5E26392-F69E-4FF6-833F-F87F714E731B}"
EndProject
Project("{8BC9CEB8-8B4A-11D0-8D11-00A0C91BC942}") = "Q4", "Q4\Q4.vcxproj", "{32E0CE43-207B-4DE0-930E-202034121E54}"
EndProject
Global
	GlobalSection(SolutionConfigurationPlatforms) = preSolution
		Debug|x64 = Debug|x64
		Debug|x86 = Debug|x86
		Release|x64 = Release|x64
		Release|x86 = Release|x86
	EndGlobalSection
	GlobalSection(ProjectConfigurationPlatforms) = postSolution
		{81D29BD4-4B1C-4480-85C7-87EB2CE6B12A}.Debug|x64.ActiveCfg = Debug|x64
		{81D29BD4-4B1C-4480-85C7-87EB2CE6B12A}.Debug|x64.Build.0 = Debug|x64
		{81D29BD4-4B1C-4480-85C7-87EB2CE6B12A}.Debug|x86.ActiveCfg = Debug|Win32
		{81D29BD4-4B1C-4480-85C7-87EB2CE6B12A}.Debug|x86.Build.0 = Debug|Win32
		{81D29BD4-4B1C-4480-85C7-87EB2CE6B12A}.Release|x64.ActiveCfg = Release|x64
		{81D29BD4-4B1C-4480-85C7-87EB2CE6B12A}.Release|x64.Build.0 = Release|x64
		{81D29BD4-4B1C-4480-85C7-87EB2CE6B12A}.Release|x86.ActiveCfg = Release|Win32
		{81D29BD4-4B1C-4480-85C7-87EB2CE6B12A}.Release|x86.Build.0 = Release|Win32
		{8E88BF66-1E2A-4A9D-905B-DCEE21E7656A}.Debug|x64.ActiveCfg = Debug|x64
		{8E88BF66-1E2A-4A9D-905B-DCEE21E7656A}.Debug|x64.Build.0 = Debug|x64
		{8E88BF66-1E2A-4A9D-905B-DCEE21E7656A}.Debug|x86.ActiveCfg = Debug|Win32
		{8E88BF66-1E2A-4A9D-905B-DCEE21E7656A}.Debug|x86.Build.0 = Debug|Win32
		{8E88BF66-1E2A-4A9D-905B-DCEE21E7656A}.Release|x64.ActiveCfg = Release|x64
		{8E88BF66-1E2A-4A9D-905B-DCEE21E7656A}.Release|x64.Build.0 = Release|x64
		{8E88BF66-1E2A-4A9D-905B-DCEE21E7656A}.Release|x86.ActiveCfg = Release|Win32
		{8E88BF66-1E2A-4A9D-905B-DCEE21E7656A}.Release|x86.Build.0 = Release|Win32
		{367711EA-9F8E-4FC4-8029-CD081AACE51A}.Debug|x64.ActiveCfg = Debug|x64
		{367711EA-9F8E-4FC4-8029-CD081AACE51A}.Debug|x64.Build.0 = Debug|x64
		{367711EA-9F8E-4FC4-8029-CD081AACE51A}.Debug|x86.ActiveCfg = Debug|Win32
		{367711EA-9F8E-4FC4-8029-CD081AACE51A}.Debug|x86.Build.0 = Debug|Win32
		{367711EA-9F8E-4FC4-8029-CD081AACE51A}.Release|x64.ActiveCfg = Release|x64
		{367711EA-9F8E-4FC4-8029-CD081AACE51A}.Release|x64.Build.0 = Release|x64
		{367711EA-9F8E-4FC4-8029-CD081AACE51A}.Release|x86.ActiveCfg = Release|Win32
		{367711EA-9F8E-4FC4-8029-CD081AACE51A}.Release|x86.Build.0 = Release|Win32
		{E5E26392-F69E-4FF6-833F-F87F714E731B}.Debug|x64.ActiveCfg = Debug|x64
		{E5E26392-F69E-4FF6-833F-F87F714E731B}.Debug|x64.Build.0 = Debug|x64
		{E5E26392-F69E-4FF6-833F-F87F714E731B}.Debug|x86.ActiveCfg = Debug|Win32
		{E5E26392-F69E-4FF6-833F-F87F714E731B}.Debug|x86.Build.0 = Debug|Win32
		{E5E26392-F69E-4FF6-833F-F87F714E731B}.Release|x64.ActiveCfg = Release|x64
		{E5E26392-F69E-4FF6-833F-F87F714E731B}.Release|x64.Build.0 = Release|x64
		{E5E26392-F69E-4FF6-833F-F87F714E731B}.Release|x86.ActiveCfg = Release|Win32
		{E5E26392-F69E-4FF6-833F-F87F714E731B}.Release|x86.Build.0 = Release|Win32
		{32E0CE43-207B-4DE0-930E-202034121E54}.Debug|x64.ActiveCfg = Debug|x64
		{32E0CE43-207B-4DE0-930E-202034121E54}.Debug|x64.Build.0 = Debug|x64
		{32E0CE43-207B-4DE0-930E-202034121E54}.Debug|x86.ActiveCfg = Debug|Win32
		{32E0CE43-207B-4DE0-930E-202034121E54}.Debug|x86.Build.0 = Debug|Win32
		{32E0CE43-207B-4DE0-930E-202034121E54}.Release|x64.ActiveCfg = Release|x64
		{32E0CE43-207B-4DE0-930E-202034121E54}.Release|x64.Build.0 = Release|x64
		{32E0CE43-207B-4DE0-930E-202034121E54}.Release|x86.ActiveCfg = Release|Win32
		{32E0CE43-207B-4DE0-930E-202034121E54}.Release|x86.Build.0 = Release|Win32
	EndGlobalSection
	GlobalSection(SolutionProperties) = preSolution
		HideSolutionNode = FALSE
	EndGlobalSection
	GlobalSection(ExtensibilityGlobals) = postSolution
		SolutionGuid = {D6AA7F93-F884-470C-A538-0695C47B8951}
	EndGlobalSection
EndGlobal
