
Microsoft Visual Studio Solution File, Format Version 12.00
# Visual Studio 15
VisualStudioVersion = 15.0.28307.705
MinimumVisualStudioVersion = 10.0.40219.1
Project("{8BC9CEB8-8B4A-11D0-8D11-00A0C91BC942}") = "15649 N과 M 1", "Brute Force - N and M\Brute Force - N and M.vcxproj", "{B4AA2072-927C-4AC0-9987-994144D6DB05}"
EndProject
Project("{8BC9CEB8-8B4A-11D0-8D11-00A0C91BC942}") = "15650 N과 M 2", "15650 N과 M 2\15650 N과 M 2.vcxproj", "{6321D9C7-B233-4D6C-82CB-E1CACADA70F6}"
EndProject
Project("{8BC9CEB8-8B4A-11D0-8D11-00A0C91BC942}") = "15651 N과 M 3", "15651 N과 M 3\15651 N과 M 3.vcxproj", "{141AFBA9-FBCC-4D1C-9E70-354D30AD7A88}"
EndProject
Project("{8BC9CEB8-8B4A-11D0-8D11-00A0C91BC942}") = "15652 N과 M 4", "15652 N과 M 4\15652 N과 M 4.vcxproj", "{6847D55C-692B-45AD-A070-63FE91E9702C}"
EndProject
Project("{8BC9CEB8-8B4A-11D0-8D11-00A0C91BC942}") = "15654 N과 M 5", "15654 N과 M 5\15654 N과 M 5.vcxproj", "{E6D0ECD3-F7FD-4200-BD9E-D17ACF8DEAAE}"
EndProject
Project("{8BC9CEB8-8B4A-11D0-8D11-00A0C91BC942}") = "15655 N과 M 6", "15655 N과 M 5\15655 N과 M 5.vcxproj", "{19EF0596-80B1-439D-B6D7-67E842560C01}"
EndProject
Project("{8BC9CEB8-8B4A-11D0-8D11-00A0C91BC942}") = "15656 N과 M 7", "15656 N과 M 7\15656 N과 M 7.vcxproj", "{8205FF3A-26A0-45A6-BCFC-925BAFD1FC31}"
EndProject
Project("{8BC9CEB8-8B4A-11D0-8D11-00A0C91BC942}") = "15657 N과 M 8", "15657 N과 M 8\15657 N과 M 8.vcxproj", "{62E7E3F5-70AC-4363-92CB-F2981CC5E59D}"
EndProject
Global
	GlobalSection(SolutionConfigurationPlatforms) = preSolution
		Debug|x64 = Debug|x64
		Debug|x86 = Debug|x86
		Release|x64 = Release|x64
		Release|x86 = Release|x86
	EndGlobalSection
	GlobalSection(ProjectConfigurationPlatforms) = postSolution
		{B4AA2072-927C-4AC0-9987-994144D6DB05}.Debug|x64.ActiveCfg = Debug|x64
		{B4AA2072-927C-4AC0-9987-994144D6DB05}.Debug|x64.Build.0 = Debug|x64
		{B4AA2072-927C-4AC0-9987-994144D6DB05}.Debug|x86.ActiveCfg = Debug|Win32
		{B4AA2072-927C-4AC0-9987-994144D6DB05}.Debug|x86.Build.0 = Debug|Win32
		{B4AA2072-927C-4AC0-9987-994144D6DB05}.Release|x64.ActiveCfg = Release|x64
		{B4AA2072-927C-4AC0-9987-994144D6DB05}.Release|x64.Build.0 = Release|x64
		{B4AA2072-927C-4AC0-9987-994144D6DB05}.Release|x86.ActiveCfg = Release|Win32
		{B4AA2072-927C-4AC0-9987-994144D6DB05}.Release|x86.Build.0 = Release|Win32
		{6321D9C7-B233-4D6C-82CB-E1CACADA70F6}.Debug|x64.ActiveCfg = Debug|x64
		{6321D9C7-B233-4D6C-82CB-E1CACADA70F6}.Debug|x64.Build.0 = Debug|x64
		{6321D9C7-B233-4D6C-82CB-E1CACADA70F6}.Debug|x86.ActiveCfg = Debug|Win32
		{6321D9C7-B233-4D6C-82CB-E1CACADA70F6}.Debug|x86.Build.0 = Debug|Win32
		{6321D9C7-B233-4D6C-82CB-E1CACADA70F6}.Release|x64.ActiveCfg = Release|x64
		{6321D9C7-B233-4D6C-82CB-E1CACADA70F6}.Release|x64.Build.0 = Release|x64
		{6321D9C7-B233-4D6C-82CB-E1CACADA70F6}.Release|x86.ActiveCfg = Release|Win32
		{6321D9C7-B233-4D6C-82CB-E1CACADA70F6}.Release|x86.Build.0 = Release|Win32
		{141AFBA9-FBCC-4D1C-9E70-354D30AD7A88}.Debug|x64.ActiveCfg = Debug|x64
		{141AFBA9-FBCC-4D1C-9E70-354D30AD7A88}.Debug|x64.Build.0 = Debug|x64
		{141AFBA9-FBCC-4D1C-9E70-354D30AD7A88}.Debug|x86.ActiveCfg = Debug|Win32
		{141AFBA9-FBCC-4D1C-9E70-354D30AD7A88}.Debug|x86.Build.0 = Debug|Win32
		{141AFBA9-FBCC-4D1C-9E70-354D30AD7A88}.Release|x64.ActiveCfg = Release|x64
		{141AFBA9-FBCC-4D1C-9E70-354D30AD7A88}.Release|x64.Build.0 = Release|x64
		{141AFBA9-FBCC-4D1C-9E70-354D30AD7A88}.Release|x86.ActiveCfg = Release|Win32
		{141AFBA9-FBCC-4D1C-9E70-354D30AD7A88}.Release|x86.Build.0 = Release|Win32
		{6847D55C-692B-45AD-A070-63FE91E9702C}.Debug|x64.ActiveCfg = Debug|x64
		{6847D55C-692B-45AD-A070-63FE91E9702C}.Debug|x64.Build.0 = Debug|x64
		{6847D55C-692B-45AD-A070-63FE91E9702C}.Debug|x86.ActiveCfg = Debug|Win32
		{6847D55C-692B-45AD-A070-63FE91E9702C}.Debug|x86.Build.0 = Debug|Win32
		{6847D55C-692B-45AD-A070-63FE91E9702C}.Release|x64.ActiveCfg = Release|x64
		{6847D55C-692B-45AD-A070-63FE91E9702C}.Release|x64.Build.0 = Release|x64
		{6847D55C-692B-45AD-A070-63FE91E9702C}.Release|x86.ActiveCfg = Release|Win32
		{6847D55C-692B-45AD-A070-63FE91E9702C}.Release|x86.Build.0 = Release|Win32
		{E6D0ECD3-F7FD-4200-BD9E-D17ACF8DEAAE}.Debug|x64.ActiveCfg = Debug|x64
		{E6D0ECD3-F7FD-4200-BD9E-D17ACF8DEAAE}.Debug|x64.Build.0 = Debug|x64
		{E6D0ECD3-F7FD-4200-BD9E-D17ACF8DEAAE}.Debug|x86.ActiveCfg = Debug|Win32
		{E6D0ECD3-F7FD-4200-BD9E-D17ACF8DEAAE}.Debug|x86.Build.0 = Debug|Win32
		{E6D0ECD3-F7FD-4200-BD9E-D17ACF8DEAAE}.Release|x64.ActiveCfg = Release|x64
		{E6D0ECD3-F7FD-4200-BD9E-D17ACF8DEAAE}.Release|x64.Build.0 = Release|x64
		{E6D0ECD3-F7FD-4200-BD9E-D17ACF8DEAAE}.Release|x86.ActiveCfg = Release|Win32
		{E6D0ECD3-F7FD-4200-BD9E-D17ACF8DEAAE}.Release|x86.Build.0 = Release|Win32
		{19EF0596-80B1-439D-B6D7-67E842560C01}.Debug|x64.ActiveCfg = Debug|x64
		{19EF0596-80B1-439D-B6D7-67E842560C01}.Debug|x64.Build.0 = Debug|x64
		{19EF0596-80B1-439D-B6D7-67E842560C01}.Debug|x86.ActiveCfg = Debug|Win32
		{19EF0596-80B1-439D-B6D7-67E842560C01}.Debug|x86.Build.0 = Debug|Win32
		{19EF0596-80B1-439D-B6D7-67E842560C01}.Release|x64.ActiveCfg = Release|x64
		{19EF0596-80B1-439D-B6D7-67E842560C01}.Release|x64.Build.0 = Release|x64
		{19EF0596-80B1-439D-B6D7-67E842560C01}.Release|x86.ActiveCfg = Release|Win32
		{19EF0596-80B1-439D-B6D7-67E842560C01}.Release|x86.Build.0 = Release|Win32
		{8205FF3A-26A0-45A6-BCFC-925BAFD1FC31}.Debug|x64.ActiveCfg = Debug|x64
		{8205FF3A-26A0-45A6-BCFC-925BAFD1FC31}.Debug|x64.Build.0 = Debug|x64
		{8205FF3A-26A0-45A6-BCFC-925BAFD1FC31}.Debug|x86.ActiveCfg = Debug|Win32
		{8205FF3A-26A0-45A6-BCFC-925BAFD1FC31}.Debug|x86.Build.0 = Debug|Win32
		{8205FF3A-26A0-45A6-BCFC-925BAFD1FC31}.Release|x64.ActiveCfg = Release|x64
		{8205FF3A-26A0-45A6-BCFC-925BAFD1FC31}.Release|x64.Build.0 = Release|x64
		{8205FF3A-26A0-45A6-BCFC-925BAFD1FC31}.Release|x86.ActiveCfg = Release|Win32
		{8205FF3A-26A0-45A6-BCFC-925BAFD1FC31}.Release|x86.Build.0 = Release|Win32
		{62E7E3F5-70AC-4363-92CB-F2981CC5E59D}.Debug|x64.ActiveCfg = Debug|x64
		{62E7E3F5-70AC-4363-92CB-F2981CC5E59D}.Debug|x64.Build.0 = Debug|x64
		{62E7E3F5-70AC-4363-92CB-F2981CC5E59D}.Debug|x86.ActiveCfg = Debug|Win32
		{62E7E3F5-70AC-4363-92CB-F2981CC5E59D}.Debug|x86.Build.0 = Debug|Win32
		{62E7E3F5-70AC-4363-92CB-F2981CC5E59D}.Release|x64.ActiveCfg = Release|x64
		{62E7E3F5-70AC-4363-92CB-F2981CC5E59D}.Release|x64.Build.0 = Release|x64
		{62E7E3F5-70AC-4363-92CB-F2981CC5E59D}.Release|x86.ActiveCfg = Release|Win32
		{62E7E3F5-70AC-4363-92CB-F2981CC5E59D}.Release|x86.Build.0 = Release|Win32
	EndGlobalSection
	GlobalSection(SolutionProperties) = preSolution
		HideSolutionNode = FALSE
	EndGlobalSection
	GlobalSection(ExtensibilityGlobals) = postSolution
		SolutionGuid = {11C9FCF1-B163-4F6B-95CF-1D940FA1A9FA}
	EndGlobalSection
EndGlobal
