
Microsoft Visual Studio Solution File, Format Version 12.00
# Visual Studio 15
VisualStudioVersion = 15.0.28307.705
MinimumVisualStudioVersion = 10.0.40219.1
Project("{8BC9CEB8-8B4A-11D0-8D11-00A0C91BC942}") = "11047 동전 0", "그리디 알고리즘\그리디 알고리즘.vcxproj", "{F6C42523-5AFF-48AA-9003-D976D452DEC8}"
EndProject
Project("{8BC9CEB8-8B4A-11D0-8D11-00A0C91BC942}") = "1931 회의실 배정", "1931 회의실 배정\1931 회의실 배정.vcxproj", "{3A66BD55-B79A-4E16-9BD5-6F1DB22275CA}"
EndProject
Project("{8BC9CEB8-8B4A-11D0-8D11-00A0C91BC942}") = "11399 ATM", "11399 ATM\11399 ATM.vcxproj", "{9ED8942E-4C54-494E-B4D8-E9CA544F177A}"
EndProject
Project("{8BC9CEB8-8B4A-11D0-8D11-00A0C91BC942}") = "1080 행렬", "1080 행렬\1080 행렬.vcxproj", "{2C220716-6CD9-4165-8633-96E5000B943E}"
EndProject
Project("{8BC9CEB8-8B4A-11D0-8D11-00A0C91BC942}") = "2138 전구와 스위치", "2138 전구와 스위치\2138 전구와 스위치.vcxproj", "{DC60D7F7-238E-457D-A4F3-DF82F8625CC1}"
EndProject
Project("{8BC9CEB8-8B4A-11D0-8D11-00A0C91BC942}") = "1285 동전 뒤집기", "1285 동전 뒤집기\1285 동전 뒤집기.vcxproj", "{055EFD4D-6A0A-4CB9-9C0A-A73C2EA8F640}"
EndProject
Project("{8BC9CEB8-8B4A-11D0-8D11-00A0C91BC942}") = "2109 순회강연", "2109 순회강연\2109 순회강연.vcxproj", "{7DE42227-F923-4D34-AF40-BB47F785E3E7}"
EndProject
Project("{8BC9CEB8-8B4A-11D0-8D11-00A0C91BC942}") = "1783 병든 나이트", "1783 병든 나이트\1783 병든 나이트.vcxproj", "{81F170D5-5587-40DF-A798-958884B112FE}"
EndProject
Project("{8BC9CEB8-8B4A-11D0-8D11-00A0C91BC942}") = "10610 30", "10610 30\10610 30.vcxproj", "{B9B0883F-EFA9-4BD0-9060-2878AFE60BC6}"
EndProject
Global
	GlobalSection(SolutionConfigurationPlatforms) = preSolution
		Debug|x64 = Debug|x64
		Debug|x86 = Debug|x86
		Release|x64 = Release|x64
		Release|x86 = Release|x86
	EndGlobalSection
	GlobalSection(ProjectConfigurationPlatforms) = postSolution
		{F6C42523-5AFF-48AA-9003-D976D452DEC8}.Debug|x64.ActiveCfg = Debug|x64
		{F6C42523-5AFF-48AA-9003-D976D452DEC8}.Debug|x64.Build.0 = Debug|x64
		{F6C42523-5AFF-48AA-9003-D976D452DEC8}.Debug|x86.ActiveCfg = Debug|Win32
		{F6C42523-5AFF-48AA-9003-D976D452DEC8}.Debug|x86.Build.0 = Debug|Win32
		{F6C42523-5AFF-48AA-9003-D976D452DEC8}.Release|x64.ActiveCfg = Release|x64
		{F6C42523-5AFF-48AA-9003-D976D452DEC8}.Release|x64.Build.0 = Release|x64
		{F6C42523-5AFF-48AA-9003-D976D452DEC8}.Release|x86.ActiveCfg = Release|Win32
		{F6C42523-5AFF-48AA-9003-D976D452DEC8}.Release|x86.Build.0 = Release|Win32
		{3A66BD55-B79A-4E16-9BD5-6F1DB22275CA}.Debug|x64.ActiveCfg = Debug|x64
		{3A66BD55-B79A-4E16-9BD5-6F1DB22275CA}.Debug|x64.Build.0 = Debug|x64
		{3A66BD55-B79A-4E16-9BD5-6F1DB22275CA}.Debug|x86.ActiveCfg = Debug|Win32
		{3A66BD55-B79A-4E16-9BD5-6F1DB22275CA}.Debug|x86.Build.0 = Debug|Win32
		{3A66BD55-B79A-4E16-9BD5-6F1DB22275CA}.Release|x64.ActiveCfg = Release|x64
		{3A66BD55-B79A-4E16-9BD5-6F1DB22275CA}.Release|x64.Build.0 = Release|x64
		{3A66BD55-B79A-4E16-9BD5-6F1DB22275CA}.Release|x86.ActiveCfg = Release|Win32
		{3A66BD55-B79A-4E16-9BD5-6F1DB22275CA}.Release|x86.Build.0 = Release|Win32
		{9ED8942E-4C54-494E-B4D8-E9CA544F177A}.Debug|x64.ActiveCfg = Debug|x64
		{9ED8942E-4C54-494E-B4D8-E9CA544F177A}.Debug|x64.Build.0 = Debug|x64
		{9ED8942E-4C54-494E-B4D8-E9CA544F177A}.Debug|x86.ActiveCfg = Debug|Win32
		{9ED8942E-4C54-494E-B4D8-E9CA544F177A}.Debug|x86.Build.0 = Debug|Win32
		{9ED8942E-4C54-494E-B4D8-E9CA544F177A}.Release|x64.ActiveCfg = Release|x64
		{9ED8942E-4C54-494E-B4D8-E9CA544F177A}.Release|x64.Build.0 = Release|x64
		{9ED8942E-4C54-494E-B4D8-E9CA544F177A}.Release|x86.ActiveCfg = Release|Win32
		{9ED8942E-4C54-494E-B4D8-E9CA544F177A}.Release|x86.Build.0 = Release|Win32
		{2C220716-6CD9-4165-8633-96E5000B943E}.Debug|x64.ActiveCfg = Debug|x64
		{2C220716-6CD9-4165-8633-96E5000B943E}.Debug|x64.Build.0 = Debug|x64
		{2C220716-6CD9-4165-8633-96E5000B943E}.Debug|x86.ActiveCfg = Debug|Win32
		{2C220716-6CD9-4165-8633-96E5000B943E}.Debug|x86.Build.0 = Debug|Win32
		{2C220716-6CD9-4165-8633-96E5000B943E}.Release|x64.ActiveCfg = Release|x64
		{2C220716-6CD9-4165-8633-96E5000B943E}.Release|x64.Build.0 = Release|x64
		{2C220716-6CD9-4165-8633-96E5000B943E}.Release|x86.ActiveCfg = Release|Win32
		{2C220716-6CD9-4165-8633-96E5000B943E}.Release|x86.Build.0 = Release|Win32
		{DC60D7F7-238E-457D-A4F3-DF82F8625CC1}.Debug|x64.ActiveCfg = Debug|x64
		{DC60D7F7-238E-457D-A4F3-DF82F8625CC1}.Debug|x64.Build.0 = Debug|x64
		{DC60D7F7-238E-457D-A4F3-DF82F8625CC1}.Debug|x86.ActiveCfg = Debug|Win32
		{DC60D7F7-238E-457D-A4F3-DF82F8625CC1}.Debug|x86.Build.0 = Debug|Win32
		{DC60D7F7-238E-457D-A4F3-DF82F8625CC1}.Release|x64.ActiveCfg = Release|x64
		{DC60D7F7-238E-457D-A4F3-DF82F8625CC1}.Release|x64.Build.0 = Release|x64
		{DC60D7F7-238E-457D-A4F3-DF82F8625CC1}.Release|x86.ActiveCfg = Release|Win32
		{DC60D7F7-238E-457D-A4F3-DF82F8625CC1}.Release|x86.Build.0 = Release|Win32
		{055EFD4D-6A0A-4CB9-9C0A-A73C2EA8F640}.Debug|x64.ActiveCfg = Debug|x64
		{055EFD4D-6A0A-4CB9-9C0A-A73C2EA8F640}.Debug|x64.Build.0 = Debug|x64
		{055EFD4D-6A0A-4CB9-9C0A-A73C2EA8F640}.Debug|x86.ActiveCfg = Debug|Win32
		{055EFD4D-6A0A-4CB9-9C0A-A73C2EA8F640}.Debug|x86.Build.0 = Debug|Win32
		{055EFD4D-6A0A-4CB9-9C0A-A73C2EA8F640}.Release|x64.ActiveCfg = Release|x64
		{055EFD4D-6A0A-4CB9-9C0A-A73C2EA8F640}.Release|x64.Build.0 = Release|x64
		{055EFD4D-6A0A-4CB9-9C0A-A73C2EA8F640}.Release|x86.ActiveCfg = Release|Win32
		{055EFD4D-6A0A-4CB9-9C0A-A73C2EA8F640}.Release|x86.Build.0 = Release|Win32
		{7DE42227-F923-4D34-AF40-BB47F785E3E7}.Debug|x64.ActiveCfg = Debug|x64
		{7DE42227-F923-4D34-AF40-BB47F785E3E7}.Debug|x64.Build.0 = Debug|x64
		{7DE42227-F923-4D34-AF40-BB47F785E3E7}.Debug|x86.ActiveCfg = Debug|Win32
		{7DE42227-F923-4D34-AF40-BB47F785E3E7}.Debug|x86.Build.0 = Debug|Win32
		{7DE42227-F923-4D34-AF40-BB47F785E3E7}.Release|x64.ActiveCfg = Release|x64
		{7DE42227-F923-4D34-AF40-BB47F785E3E7}.Release|x64.Build.0 = Release|x64
		{7DE42227-F923-4D34-AF40-BB47F785E3E7}.Release|x86.ActiveCfg = Release|Win32
		{7DE42227-F923-4D34-AF40-BB47F785E3E7}.Release|x86.Build.0 = Release|Win32
		{81F170D5-5587-40DF-A798-958884B112FE}.Debug|x64.ActiveCfg = Debug|x64
		{81F170D5-5587-40DF-A798-958884B112FE}.Debug|x64.Build.0 = Debug|x64
		{81F170D5-5587-40DF-A798-958884B112FE}.Debug|x86.ActiveCfg = Debug|Win32
		{81F170D5-5587-40DF-A798-958884B112FE}.Debug|x86.Build.0 = Debug|Win32
		{81F170D5-5587-40DF-A798-958884B112FE}.Release|x64.ActiveCfg = Release|x64
		{81F170D5-5587-40DF-A798-958884B112FE}.Release|x64.Build.0 = Release|x64
		{81F170D5-5587-40DF-A798-958884B112FE}.Release|x86.ActiveCfg = Release|Win32
		{81F170D5-5587-40DF-A798-958884B112FE}.Release|x86.Build.0 = Release|Win32
		{B9B0883F-EFA9-4BD0-9060-2878AFE60BC6}.Debug|x64.ActiveCfg = Debug|x64
		{B9B0883F-EFA9-4BD0-9060-2878AFE60BC6}.Debug|x64.Build.0 = Debug|x64
		{B9B0883F-EFA9-4BD0-9060-2878AFE60BC6}.Debug|x86.ActiveCfg = Debug|Win32
		{B9B0883F-EFA9-4BD0-9060-2878AFE60BC6}.Debug|x86.Build.0 = Debug|Win32
		{B9B0883F-EFA9-4BD0-9060-2878AFE60BC6}.Release|x64.ActiveCfg = Release|x64
		{B9B0883F-EFA9-4BD0-9060-2878AFE60BC6}.Release|x64.Build.0 = Release|x64
		{B9B0883F-EFA9-4BD0-9060-2878AFE60BC6}.Release|x86.ActiveCfg = Release|Win32
		{B9B0883F-EFA9-4BD0-9060-2878AFE60BC6}.Release|x86.Build.0 = Release|Win32
	EndGlobalSection
	GlobalSection(SolutionProperties) = preSolution
		HideSolutionNode = FALSE
	EndGlobalSection
	GlobalSection(ExtensibilityGlobals) = postSolution
		SolutionGuid = {8A956D36-B750-48D7-B740-8643060F76AD}
	EndGlobalSection
EndGlobal
