
Microsoft Visual Studio Solution File, Format Version 12.00
# Visual Studio 15
VisualStudioVersion = 15.0.28307.705
MinimumVisualStudioVersion = 10.0.40219.1
Project("{8BC9CEB8-8B4A-11D0-8D11-00A0C91BC942}") = "10828 Stack", "10828 Stack\10828 Stack.vcxproj", "{10610260-02E0-4BBC-979F-4A8468F763EB}"
EndProject
Project("{8BC9CEB8-8B4A-11D0-8D11-00A0C91BC942}") = "9093 단어 뒤집기", "9093 단어 뒤집기\9093 단어 뒤집기.vcxproj", "{2FBA91EE-B54A-4E68-B847-7848F71EC113}"
EndProject
Global
	GlobalSection(SolutionConfigurationPlatforms) = preSolution
		Debug|x64 = Debug|x64
		Debug|x86 = Debug|x86
		Release|x64 = Release|x64
		Release|x86 = Release|x86
	EndGlobalSection
	GlobalSection(ProjectConfigurationPlatforms) = postSolution
		{10610260-02E0-4BBC-979F-4A8468F763EB}.Debug|x64.ActiveCfg = Debug|x64
		{10610260-02E0-4BBC-979F-4A8468F763EB}.Debug|x64.Build.0 = Debug|x64
		{10610260-02E0-4BBC-979F-4A8468F763EB}.Debug|x86.ActiveCfg = Debug|Win32
		{10610260-02E0-4BBC-979F-4A8468F763EB}.Debug|x86.Build.0 = Debug|Win32
		{10610260-02E0-4BBC-979F-4A8468F763EB}.Release|x64.ActiveCfg = Release|x64
		{10610260-02E0-4BBC-979F-4A8468F763EB}.Release|x64.Build.0 = Release|x64
		{10610260-02E0-4BBC-979F-4A8468F763EB}.Release|x86.ActiveCfg = Release|Win32
		{10610260-02E0-4BBC-979F-4A8468F763EB}.Release|x86.Build.0 = Release|Win32
		{2FBA91EE-B54A-4E68-B847-7848F71EC113}.Debug|x64.ActiveCfg = Debug|x64
		{2FBA91EE-B54A-4E68-B847-7848F71EC113}.Debug|x64.Build.0 = Debug|x64
		{2FBA91EE-B54A-4E68-B847-7848F71EC113}.Debug|x86.ActiveCfg = Debug|Win32
		{2FBA91EE-B54A-4E68-B847-7848F71EC113}.Debug|x86.Build.0 = Debug|Win32
		{2FBA91EE-B54A-4E68-B847-7848F71EC113}.Release|x64.ActiveCfg = Release|x64
		{2FBA91EE-B54A-4E68-B847-7848F71EC113}.Release|x64.Build.0 = Release|x64
		{2FBA91EE-B54A-4E68-B847-7848F71EC113}.Release|x86.ActiveCfg = Release|Win32
		{2FBA91EE-B54A-4E68-B847-7848F71EC113}.Release|x86.Build.0 = Release|Win32
	EndGlobalSection
	GlobalSection(SolutionProperties) = preSolution
		HideSolutionNode = FALSE
	EndGlobalSection
	GlobalSection(ExtensibilityGlobals) = postSolution
		SolutionGuid = {8DBD79AB-0276-4DC2-B6A4-2CDF340E91A8}
	EndGlobalSection
EndGlobal
