
Microsoft Visual Studio Solution File, Format Version 12.00
# Visual Studio 15
VisualStudioVersion = 15.0.28307.705
MinimumVisualStudioVersion = 10.0.40219.1
Project("{8BC9CEB8-8B4A-11D0-8D11-00A0C91BC942}") = "10430 나머지", "수학 1\수학 1.vcxproj", "{E1539A7D-312B-4B16-BECA-23C94679E5C7}"
EndProject
Project("{8BC9CEB8-8B4A-11D0-8D11-00A0C91BC942}") = "4375 1", "4375 1\4375 1.vcxproj", "{5B896247-A133-4873-BC96-2C4B834A81D8}"
EndProject
Project("{8BC9CEB8-8B4A-11D0-8D11-00A0C91BC942}") = "1037 약수", "1037 약수\1037 약수.vcxproj", "{A2A5B336-EF24-42F2-ACB2-C49C8FB788C1}"
EndProject
Project("{8BC9CEB8-8B4A-11D0-8D11-00A0C91BC942}") = "17427 약수의 합 2", "17427 약수의 합 2\17427 약수의 합 2.vcxproj", "{2686B95C-D56C-45DE-9C5E-E87710C41037}"
EndProject
Project("{8BC9CEB8-8B4A-11D0-8D11-00A0C91BC942}") = "2609 최대공약수와 최소공배수", "2609 최대공약수와 최소공배수\2609 최대공약수와 최소공배수.vcxproj", "{600132A0-731C-4BC0-8B45-C23A1CBA6EAA}"
EndProject
Project("{8BC9CEB8-8B4A-11D0-8D11-00A0C91BC942}") = "9613 GCD 합", "9613 GCD 합\9613 GCD 합.vcxproj", "{00E9595A-FD9B-40C2-93DC-2AD6C9A01556}"
EndProject
Project("{8BC9CEB8-8B4A-11D0-8D11-00A0C91BC942}") = "17087 숨바꼭질 6", "17087 숨바꼭질 6\17087 숨바꼭질 6.vcxproj", "{E633CE5E-8D13-4AFD-8FA9-45699396C3D6}"
EndProject
Project("{8BC9CEB8-8B4A-11D0-8D11-00A0C91BC942}") = "10872 팩토리얼", "10872 팩토리얼\10872 팩토리얼.vcxproj", "{E28C92EE-6F61-47FB-AC11-F6C0292E4464}"
EndProject
Project("{8BC9CEB8-8B4A-11D0-8D11-00A0C91BC942}") = "1676 팩토리얼 0의 개수", "1676 팩토리얼 0의 개수\1676 팩토리얼 0의 개수.vcxproj", "{F2DFD6DE-4D36-4AD7-BBBF-E99ADA4E45AB}"
EndProject
Project("{8BC9CEB8-8B4A-11D0-8D11-00A0C91BC942}") = "2004 조합 0의 개수", "2004 조합 0의 개수\2004 조합 0의 개수.vcxproj", "{5B3D5CA5-13DE-4033-9962-1E16395E85FB}"
EndProject
Project("{8BC9CEB8-8B4A-11D0-8D11-00A0C91BC942}") = "1057 토너먼트", "1057 토너먼트\1057 토너먼트.vcxproj", "{0663A89A-3AFC-4B19-A340-D9A009D3B689}"
EndProject
Global
	GlobalSection(SolutionConfigurationPlatforms) = preSolution
		Debug|x64 = Debug|x64
		Debug|x86 = Debug|x86
		Release|x64 = Release|x64
		Release|x86 = Release|x86
	EndGlobalSection
	GlobalSection(ProjectConfigurationPlatforms) = postSolution
		{E1539A7D-312B-4B16-BECA-23C94679E5C7}.Debug|x64.ActiveCfg = Debug|x64
		{E1539A7D-312B-4B16-BECA-23C94679E5C7}.Debug|x64.Build.0 = Debug|x64
		{E1539A7D-312B-4B16-BECA-23C94679E5C7}.Debug|x86.ActiveCfg = Debug|Win32
		{E1539A7D-312B-4B16-BECA-23C94679E5C7}.Debug|x86.Build.0 = Debug|Win32
		{E1539A7D-312B-4B16-BECA-23C94679E5C7}.Release|x64.ActiveCfg = Release|x64
		{E1539A7D-312B-4B16-BECA-23C94679E5C7}.Release|x64.Build.0 = Release|x64
		{E1539A7D-312B-4B16-BECA-23C94679E5C7}.Release|x86.ActiveCfg = Release|Win32
		{E1539A7D-312B-4B16-BECA-23C94679E5C7}.Release|x86.Build.0 = Release|Win32
		{5B896247-A133-4873-BC96-2C4B834A81D8}.Debug|x64.ActiveCfg = Debug|x64
		{5B896247-A133-4873-BC96-2C4B834A81D8}.Debug|x64.Build.0 = Debug|x64
		{5B896247-A133-4873-BC96-2C4B834A81D8}.Debug|x86.ActiveCfg = Debug|Win32
		{5B896247-A133-4873-BC96-2C4B834A81D8}.Debug|x86.Build.0 = Debug|Win32
		{5B896247-A133-4873-BC96-2C4B834A81D8}.Release|x64.ActiveCfg = Release|x64
		{5B896247-A133-4873-BC96-2C4B834A81D8}.Release|x64.Build.0 = Release|x64
		{5B896247-A133-4873-BC96-2C4B834A81D8}.Release|x86.ActiveCfg = Release|Win32
		{5B896247-A133-4873-BC96-2C4B834A81D8}.Release|x86.Build.0 = Release|Win32
		{A2A5B336-EF24-42F2-ACB2-C49C8FB788C1}.Debug|x64.ActiveCfg = Debug|x64
		{A2A5B336-EF24-42F2-ACB2-C49C8FB788C1}.Debug|x64.Build.0 = Debug|x64
		{A2A5B336-EF24-42F2-ACB2-C49C8FB788C1}.Debug|x86.ActiveCfg = Debug|Win32
		{A2A5B336-EF24-42F2-ACB2-C49C8FB788C1}.Debug|x86.Build.0 = Debug|Win32
		{A2A5B336-EF24-42F2-ACB2-C49C8FB788C1}.Release|x64.ActiveCfg = Release|x64
		{A2A5B336-EF24-42F2-ACB2-C49C8FB788C1}.Release|x64.Build.0 = Release|x64
		{A2A5B336-EF24-42F2-ACB2-C49C8FB788C1}.Release|x86.ActiveCfg = Release|Win32
		{A2A5B336-EF24-42F2-ACB2-C49C8FB788C1}.Release|x86.Build.0 = Release|Win32
		{2686B95C-D56C-45DE-9C5E-E87710C41037}.Debug|x64.ActiveCfg = Debug|x64
		{2686B95C-D56C-45DE-9C5E-E87710C41037}.Debug|x64.Build.0 = Debug|x64
		{2686B95C-D56C-45DE-9C5E-E87710C41037}.Debug|x86.ActiveCfg = Debug|Win32
		{2686B95C-D56C-45DE-9C5E-E87710C41037}.Debug|x86.Build.0 = Debug|Win32
		{2686B95C-D56C-45DE-9C5E-E87710C41037}.Release|x64.ActiveCfg = Release|x64
		{2686B95C-D56C-45DE-9C5E-E87710C41037}.Release|x64.Build.0 = Release|x64
		{2686B95C-D56C-45DE-9C5E-E87710C41037}.Release|x86.ActiveCfg = Release|Win32
		{2686B95C-D56C-45DE-9C5E-E87710C41037}.Release|x86.Build.0 = Release|Win32
		{600132A0-731C-4BC0-8B45-C23A1CBA6EAA}.Debug|x64.ActiveCfg = Debug|x64
		{600132A0-731C-4BC0-8B45-C23A1CBA6EAA}.Debug|x64.Build.0 = Debug|x64
		{600132A0-731C-4BC0-8B45-C23A1CBA6EAA}.Debug|x86.ActiveCfg = Debug|Win32
		{600132A0-731C-4BC0-8B45-C23A1CBA6EAA}.Debug|x86.Build.0 = Debug|Win32
		{600132A0-731C-4BC0-8B45-C23A1CBA6EAA}.Release|x64.ActiveCfg = Release|x64
		{600132A0-731C-4BC0-8B45-C23A1CBA6EAA}.Release|x64.Build.0 = Release|x64
		{600132A0-731C-4BC0-8B45-C23A1CBA6EAA}.Release|x86.ActiveCfg = Release|Win32
		{600132A0-731C-4BC0-8B45-C23A1CBA6EAA}.Release|x86.Build.0 = Release|Win32
		{00E9595A-FD9B-40C2-93DC-2AD6C9A01556}.Debug|x64.ActiveCfg = Debug|x64
		{00E9595A-FD9B-40C2-93DC-2AD6C9A01556}.Debug|x64.Build.0 = Debug|x64
		{00E9595A-FD9B-40C2-93DC-2AD6C9A01556}.Debug|x86.ActiveCfg = Debug|Win32
		{00E9595A-FD9B-40C2-93DC-2AD6C9A01556}.Debug|x86.Build.0 = Debug|Win32
		{00E9595A-FD9B-40C2-93DC-2AD6C9A01556}.Release|x64.ActiveCfg = Release|x64
		{00E9595A-FD9B-40C2-93DC-2AD6C9A01556}.Release|x64.Build.0 = Release|x64
		{00E9595A-FD9B-40C2-93DC-2AD6C9A01556}.Release|x86.ActiveCfg = Release|Win32
		{00E9595A-FD9B-40C2-93DC-2AD6C9A01556}.Release|x86.Build.0 = Release|Win32
		{E633CE5E-8D13-4AFD-8FA9-45699396C3D6}.Debug|x64.ActiveCfg = Debug|x64
		{E633CE5E-8D13-4AFD-8FA9-45699396C3D6}.Debug|x64.Build.0 = Debug|x64
		{E633CE5E-8D13-4AFD-8FA9-45699396C3D6}.Debug|x86.ActiveCfg = Debug|Win32
		{E633CE5E-8D13-4AFD-8FA9-45699396C3D6}.Debug|x86.Build.0 = Debug|Win32
		{E633CE5E-8D13-4AFD-8FA9-45699396C3D6}.Release|x64.ActiveCfg = Release|x64
		{E633CE5E-8D13-4AFD-8FA9-45699396C3D6}.Release|x64.Build.0 = Release|x64
		{E633CE5E-8D13-4AFD-8FA9-45699396C3D6}.Release|x86.ActiveCfg = Release|Win32
		{E633CE5E-8D13-4AFD-8FA9-45699396C3D6}.Release|x86.Build.0 = Release|Win32
		{E28C92EE-6F61-47FB-AC11-F6C0292E4464}.Debug|x64.ActiveCfg = Debug|x64
		{E28C92EE-6F61-47FB-AC11-F6C0292E4464}.Debug|x64.Build.0 = Debug|x64
		{E28C92EE-6F61-47FB-AC11-F6C0292E4464}.Debug|x86.ActiveCfg = Debug|Win32
		{E28C92EE-6F61-47FB-AC11-F6C0292E4464}.Debug|x86.Build.0 = Debug|Win32
		{E28C92EE-6F61-47FB-AC11-F6C0292E4464}.Release|x64.ActiveCfg = Release|x64
		{E28C92EE-6F61-47FB-AC11-F6C0292E4464}.Release|x64.Build.0 = Release|x64
		{E28C92EE-6F61-47FB-AC11-F6C0292E4464}.Release|x86.ActiveCfg = Release|Win32
		{E28C92EE-6F61-47FB-AC11-F6C0292E4464}.Release|x86.Build.0 = Release|Win32
		{F2DFD6DE-4D36-4AD7-BBBF-E99ADA4E45AB}.Debug|x64.ActiveCfg = Debug|x64
		{F2DFD6DE-4D36-4AD7-BBBF-E99ADA4E45AB}.Debug|x64.Build.0 = Debug|x64
		{F2DFD6DE-4D36-4AD7-BBBF-E99ADA4E45AB}.Debug|x86.ActiveCfg = Debug|Win32
		{F2DFD6DE-4D36-4AD7-BBBF-E99ADA4E45AB}.Debug|x86.Build.0 = Debug|Win32
		{F2DFD6DE-4D36-4AD7-BBBF-E99ADA4E45AB}.Release|x64.ActiveCfg = Release|x64
		{F2DFD6DE-4D36-4AD7-BBBF-E99ADA4E45AB}.Release|x64.Build.0 = Release|x64
		{F2DFD6DE-4D36-4AD7-BBBF-E99ADA4E45AB}.Release|x86.ActiveCfg = Release|Win32
		{F2DFD6DE-4D36-4AD7-BBBF-E99ADA4E45AB}.Release|x86.Build.0 = Release|Win32
		{5B3D5CA5-13DE-4033-9962-1E16395E85FB}.Debug|x64.ActiveCfg = Debug|x64
		{5B3D5CA5-13DE-4033-9962-1E16395E85FB}.Debug|x64.Build.0 = Debug|x64
		{5B3D5CA5-13DE-4033-9962-1E16395E85FB}.Debug|x86.ActiveCfg = Debug|Win32
		{5B3D5CA5-13DE-4033-9962-1E16395E85FB}.Debug|x86.Build.0 = Debug|Win32
		{5B3D5CA5-13DE-4033-9962-1E16395E85FB}.Release|x64.ActiveCfg = Release|x64
		{5B3D5CA5-13DE-4033-9962-1E16395E85FB}.Release|x64.Build.0 = Release|x64
		{5B3D5CA5-13DE-4033-9962-1E16395E85FB}.Release|x86.ActiveCfg = Release|Win32
		{5B3D5CA5-13DE-4033-9962-1E16395E85FB}.Release|x86.Build.0 = Release|Win32
		{0663A89A-3AFC-4B19-A340-D9A009D3B689}.Debug|x64.ActiveCfg = Debug|x64
		{0663A89A-3AFC-4B19-A340-D9A009D3B689}.Debug|x64.Build.0 = Debug|x64
		{0663A89A-3AFC-4B19-A340-D9A009D3B689}.Debug|x86.ActiveCfg = Debug|Win32
		{0663A89A-3AFC-4B19-A340-D9A009D3B689}.Debug|x86.Build.0 = Debug|Win32
		{0663A89A-3AFC-4B19-A340-D9A009D3B689}.Release|x64.ActiveCfg = Release|x64
		{0663A89A-3AFC-4B19-A340-D9A009D3B689}.Release|x64.Build.0 = Release|x64
		{0663A89A-3AFC-4B19-A340-D9A009D3B689}.Release|x86.ActiveCfg = Release|Win32
		{0663A89A-3AFC-4B19-A340-D9A009D3B689}.Release|x86.Build.0 = Release|Win32
	EndGlobalSection
	GlobalSection(SolutionProperties) = preSolution
		HideSolutionNode = FALSE
	EndGlobalSection
	GlobalSection(ExtensibilityGlobals) = postSolution
		SolutionGuid = {B0AB86CB-552C-43B0-BB37-5D8E5B41735F}
	EndGlobalSection
EndGlobal
